// !$*UTF8*$!
{
	archiveVersion = 1;
	classes = {
	};
	objectVersion = 46;
	objects = {

/* Begin PBXBuildFile section */
		81EFC3541DE4390E00FDEE8F /* main.m in Sources */ = {isa = PBXBuildFile; fileRef = 81EFC3531DE4390E00FDEE8F /* main.m */; };
		81EFC3571DE4390E00FDEE8F /* AppDelegate.m in Sources */ = {isa = PBXBuildFile; fileRef = 81EFC3561DE4390E00FDEE8F /* AppDelegate.m */; };
		81EFC35A1DE4390E00FDEE8F /* ViewController.m in Sources */ = {isa = PBXBuildFile; fileRef = 81EFC3591DE4390E00FDEE8F /* ViewController.m */; };
		81EFC35D1DE4390E00FDEE8F /* Main.storyboard in Resources */ = {isa = PBXBuildFile; fileRef = 81EFC35B1DE4390E00FDEE8F /* Main.storyboard */; };
		81EFC35F1DE4390E00FDEE8F /* Assets.xcassets in Resources */ = {isa = PBXBuildFile; fileRef = 81EFC35E1DE4390E00FDEE8F /* Assets.xcassets */; };
		81EFC3621DE4390E00FDEE8F /* LaunchScreen.storyboard in Resources */ = {isa = PBXBuildFile; fileRef = 81EFC3601DE4390E00FDEE8F /* LaunchScreen.storyboard */; };
		81EFC36D1DE4390F00FDEE8F /* fancyButtonTests.m in Sources */ = {isa = PBXBuildFile; fileRef = 81EFC36C1DE4390F00FDEE8F /* fancyButtonTests.m */; };
		81EFC3781DE4390F00FDEE8F /* fancyButtonUITests.m in Sources */ = {isa = PBXBuildFile; fileRef = 81EFC3771DE4390F00FDEE8F /* fancyButtonUITests.m */; };
		81EFC39F1DE4393400FDEE8F /* CustomButton.m in Sources */ = {isa = PBXBuildFile; fileRef = 81EFC3861DE4393300FDEE8F /* CustomButton.m */; };
		81EFC3A01DE4393400FDEE8F /* MASCompositeConstraint.m in Sources */ = {isa = PBXBuildFile; fileRef = 81EFC3891DE4393300FDEE8F /* MASCompositeConstraint.m */; };
		81EFC3A11DE4393400FDEE8F /* MASConstraint.m in Sources */ = {isa = PBXBuildFile; fileRef = 81EFC38C1DE4393300FDEE8F /* MASConstraint.m */; };
		81EFC3A21DE4393400FDEE8F /* MASConstraintMaker.m in Sources */ = {isa = PBXBuildFile; fileRef = 81EFC38E1DE4393300FDEE8F /* MASConstraintMaker.m */; };
		81EFC3A31DE4393400FDEE8F /* MASLayoutConstraint.m in Sources */ = {isa = PBXBuildFile; fileRef = 81EFC3901DE4393300FDEE8F /* MASLayoutConstraint.m */; };
		81EFC3A41DE4393400FDEE8F /* MASViewAttribute.m in Sources */ = {isa = PBXBuildFile; fileRef = 81EFC3941DE4393400FDEE8F /* MASViewAttribute.m */; };
		81EFC3A51DE4393400FDEE8F /* MASViewConstraint.m in Sources */ = {isa = PBXBuildFile; fileRef = 81EFC3961DE4393400FDEE8F /* MASViewConstraint.m */; };
		81EFC3A61DE4393400FDEE8F /* NSArray+MASAdditions.m in Sources */ = {isa = PBXBuildFile; fileRef = 81EFC3981DE4393400FDEE8F /* NSArray+MASAdditions.m */; };
		81EFC3A71DE4393400FDEE8F /* NSLayoutConstraint+MASDebugAdditions.m in Sources */ = {isa = PBXBuildFile; fileRef = 81EFC39B1DE4393400FDEE8F /* NSLayoutConstraint+MASDebugAdditions.m */; };
		81EFC3A81DE4393400FDEE8F /* View+MASAdditions.m in Sources */ = {isa = PBXBuildFile; fileRef = 81EFC39D1DE4393400FDEE8F /* View+MASAdditions.m */; };
/* End PBXBuildFile section */

/* Begin PBXContainerItemProxy section */
		81EFC3691DE4390F00FDEE8F /* PBXContainerItemProxy */ = {
			isa = PBXContainerItemProxy;
			containerPortal = 81EFC3471DE4390E00FDEE8F /* Project object */;
			proxyType = 1;
			remoteGlobalIDString = 81EFC34E1DE4390E00FDEE8F;
			remoteInfo = fancyButton;
		};
		81EFC3741DE4390F00FDEE8F /* PBXContainerItemProxy */ = {
			isa = PBXContainerItemProxy;
			containerPortal = 81EFC3471DE4390E00FDEE8F /* Project object */;
			proxyType = 1;
			remoteGlobalIDString = 81EFC34E1DE4390E00FDEE8F;
			remoteInfo = fancyButton;
		};
/* End PBXContainerItemProxy section */

/* Begin PBXFileReference section */
		81EFC34F1DE4390E00FDEE8F /* fancyButton.app */ = {isa = PBXFileReference; explicitFileType = wrapper.application; includeInIndex = 0; path = fancyButton.app; sourceTree = BUILT_PRODUCTS_DIR; };
		81EFC3531DE4390E00FDEE8F /* main.m */ = {isa = PBXFileReference; lastKnownFileType = sourcecode.c.objc; path = main.m; sourceTree = "<group>"; };
		81EFC3551DE4390E00FDEE8F /* AppDelegate.h */ = {isa = PBXFileReference; lastKnownFileType = sourcecode.c.h; path = AppDelegate.h; sourceTree = "<group>"; };
		81EFC3561DE4390E00FDEE8F /* AppDelegate.m */ = {isa = PBXFileReference; lastKnownFileType = sourcecode.c.objc; path = AppDelegate.m; sourceTree = "<group>"; };
		81EFC3581DE4390E00FDEE8F /* ViewController.h */ = {isa = PBXFileReference; lastKnownFileType = sourcecode.c.h; path = ViewController.h; sourceTree = "<group>"; };
		81EFC3591DE4390E00FDEE8F /* ViewController.m */ = {isa = PBXFileReference; lastKnownFileType = sourcecode.c.objc; path = ViewController.m; sourceTree = "<group>"; };
		81EFC35C1DE4390E00FDEE8F /* Base */ = {isa = PBXFileReference; lastKnownFileType = file.storyboard; name = Base; path = Base.lproj/Main.storyboard; sourceTree = "<group>"; };
		81EFC35E1DE4390E00FDEE8F /* Assets.xcassets */ = {isa = PBXFileReference; lastKnownFileType = folder.assetcatalog; path = Assets.xcassets; sourceTree = "<group>"; };
		81EFC3611DE4390E00FDEE8F /* Base */ = {isa = PBXFileReference; lastKnownFileType = file.storyboard; name = Base; path = Base.lproj/LaunchScreen.storyboard; sourceTree = "<group>"; };
		81EFC3631DE4390E00FDEE8F /* Info.plist */ = {isa = PBXFileReference; lastKnownFileType = text.plist.xml; path = Info.plist; sourceTree = "<group>"; };
		81EFC3681DE4390F00FDEE8F /* fancyButtonTests.xctest */ = {isa = PBXFileReference; explicitFileType = wrapper.cfbundle; includeInIndex = 0; path = fancyButtonTests.xctest; sourceTree = BUILT_PRODUCTS_DIR; };
		81EFC36C1DE4390F00FDEE8F /* fancyButtonTests.m */ = {isa = PBXFileReference; lastKnownFileType = sourcecode.c.objc; path = fancyButtonTests.m; sourceTree = "<group>"; };
		81EFC36E1DE4390F00FDEE8F /* Info.plist */ = {isa = PBXFileReference; lastKnownFileType = text.plist.xml; path = Info.plist; sourceTree = "<group>"; };
		81EFC3731DE4390F00FDEE8F /* fancyButtonUITests.xctest */ = {isa = PBXFileReference; explicitFileType = wrapper.cfbundle; includeInIndex = 0; path = fancyButtonUITests.xctest; sourceTree = BUILT_PRODUCTS_DIR; };
		81EFC3771DE4390F00FDEE8F /* fancyButtonUITests.m */ = {isa = PBXFileReference; lastKnownFileType = sourcecode.c.objc; path = fancyButtonUITests.m; sourceTree = "<group>"; };
		81EFC3791DE4390F00FDEE8F /* Info.plist */ = {isa = PBXFileReference; lastKnownFileType = text.plist.xml; path = Info.plist; sourceTree = "<group>"; };
		81EFC3851DE4393300FDEE8F /* CustomButton.h */ = {isa = PBXFileReference; fileEncoding = 4; lastKnownFileType = sourcecode.c.h; path = CustomButton.h; sourceTree = "<group>"; };
		81EFC3861DE4393300FDEE8F /* CustomButton.m */ = {isa = PBXFileReference; fileEncoding = 4; lastKnownFileType = sourcecode.c.objc; path = CustomButton.m; sourceTree = "<group>"; };
		81EFC3881DE4393300FDEE8F /* MASCompositeConstraint.h */ = {isa = PBXFileReference; fileEncoding = 4; lastKnownFileType = sourcecode.c.h; path = MASCompositeConstraint.h; sourceTree = "<group>"; };
		81EFC3891DE4393300FDEE8F /* MASCompositeConstraint.m */ = {isa = PBXFileReference; fileEncoding = 4; lastKnownFileType = sourcecode.c.objc; path = MASCompositeConstraint.m; sourceTree = "<group>"; };
		81EFC38A1DE4393300FDEE8F /* MASConstraint+Private.h */ = {isa = PBXFileReference; fileEncoding = 4; lastKnownFileType = sourcecode.c.h; path = "MASConstraint+Private.h"; sourceTree = "<group>"; };
		81EFC38B1DE4393300FDEE8F /* MASConstraint.h */ = {isa = PBXFileReference; fileEncoding = 4; lastKnownFileType = sourcecode.c.h; path = MASConstraint.h; sourceTree = "<group>"; };
		81EFC38C1DE4393300FDEE8F /* MASConstraint.m */ = {isa = PBXFileReference; fileEncoding = 4; lastKnownFileType = sourcecode.c.objc; path = MASConstraint.m; sourceTree = "<group>"; };
		81EFC38D1DE4393300FDEE8F /* MASConstraintMaker.h */ = {isa = PBXFileReference; fileEncoding = 4; lastKnownFileType = sourcecode.c.h; path = MASConstraintMaker.h; sourceTree = "<group>"; };
		81EFC38E1DE4393300FDEE8F /* MASConstraintMaker.m */ = {isa = PBXFileReference; fileEncoding = 4; lastKnownFileType = sourcecode.c.objc; path = MASConstraintMaker.m; sourceTree = "<group>"; };
		81EFC38F1DE4393300FDEE8F /* MASLayoutConstraint.h */ = {isa = PBXFileReference; fileEncoding = 4; lastKnownFileType = sourcecode.c.h; path = MASLayoutConstraint.h; sourceTree = "<group>"; };
		81EFC3901DE4393300FDEE8F /* MASLayoutConstraint.m */ = {isa = PBXFileReference; fileEncoding = 4; lastKnownFileType = sourcecode.c.objc; path = MASLayoutConstraint.m; sourceTree = "<group>"; };
		81EFC3911DE4393400FDEE8F /* Masonry.h */ = {isa = PBXFileReference; fileEncoding = 4; lastKnownFileType = sourcecode.c.h; path = Masonry.h; sourceTree = "<group>"; };
		81EFC3921DE4393400FDEE8F /* MASUtilities.h */ = {isa = PBXFileReference; fileEncoding = 4; lastKnownFileType = sourcecode.c.h; path = MASUtilities.h; sourceTree = "<group>"; };
		81EFC3931DE4393400FDEE8F /* MASViewAttribute.h */ = {isa = PBXFileReference; fileEncoding = 4; lastKnownFileType = sourcecode.c.h; path = MASViewAttribute.h; sourceTree = "<group>"; };
		81EFC3941DE4393400FDEE8F /* MASViewAttribute.m */ = {isa = PBXFileReference; fileEncoding = 4; lastKnownFileType = sourcecode.c.objc; path = MASViewAttribute.m; sourceTree = "<group>"; };
		81EFC3951DE4393400FDEE8F /* MASViewConstraint.h */ = {isa = PBXFileReference; fileEncoding = 4; lastKnownFileType = sourcecode.c.h; path = MASViewConstraint.h; sourceTree = "<group>"; };
		81EFC3961DE4393400FDEE8F /* MASViewConstraint.m */ = {isa = PBXFileReference; fileEncoding = 4; lastKnownFileType = sourcecode.c.objc; path = MASViewConstraint.m; sourceTree = "<group>"; };
		81EFC3971DE4393400FDEE8F /* NSArray+MASAdditions.h */ = {isa = PBXFileReference; fileEncoding = 4; lastKnownFileType = sourcecode.c.h; path = "NSArray+MASAdditions.h"; sourceTree = "<group>"; };
		81EFC3981DE4393400FDEE8F /* NSArray+MASAdditions.m */ = {isa = PBXFileReference; fileEncoding = 4; lastKnownFileType = sourcecode.c.objc; path = "NSArray+MASAdditions.m"; sourceTree = "<group>"; };
		81EFC3991DE4393400FDEE8F /* NSArray+MASShorthandAdditions.h */ = {isa = PBXFileReference; fileEncoding = 4; lastKnownFileType = sourcecode.c.h; path = "NSArray+MASShorthandAdditions.h"; sourceTree = "<group>"; };
		81EFC39A1DE4393400FDEE8F /* NSLayoutConstraint+MASDebugAdditions.h */ = {isa = PBXFileReference; fileEncoding = 4; lastKnownFileType = sourcecode.c.h; path = "NSLayoutConstraint+MASDebugAdditions.h"; sourceTree = "<group>"; };
		81EFC39B1DE4393400FDEE8F /* NSLayoutConstraint+MASDebugAdditions.m */ = {isa = PBXFileReference; fileEncoding = 4; lastKnownFileType = sourcecode.c.objc; path = "NSLayoutConstraint+MASDebugAdditions.m"; sourceTree = "<group>"; };
		81EFC39C1DE4393400FDEE8F /* View+MASAdditions.h */ = {isa = PBXFileReference; fileEncoding = 4; lastKnownFileType = sourcecode.c.h; path = "View+MASAdditions.h"; sourceTree = "<group>"; };
		81EFC39D1DE4393400FDEE8F /* View+MASAdditions.m */ = {isa = PBXFileReference; fileEncoding = 4; lastKnownFileType = sourcecode.c.objc; path = "View+MASAdditions.m"; sourceTree = "<group>"; };
		81EFC39E1DE4393400FDEE8F /* View+MASShorthandAdditions.h */ = {isa = PBXFileReference; fileEncoding = 4; lastKnownFileType = sourcecode.c.h; path = "View+MASShorthandAdditions.h"; sourceTree = "<group>"; };
/* End PBXFileReference section */

/* Begin PBXFrameworksBuildPhase section */
		81EFC34C1DE4390E00FDEE8F /* Frameworks */ = {
			isa = PBXFrameworksBuildPhase;
			buildActionMask = 2147483647;
			files = (
			);
			runOnlyForDeploymentPostprocessing = 0;
		};
		81EFC3651DE4390F00FDEE8F /* Frameworks */ = {
			isa = PBXFrameworksBuildPhase;
			buildActionMask = 2147483647;
			files = (
			);
			runOnlyForDeploymentPostprocessing = 0;
		};
		81EFC3701DE4390F00FDEE8F /* Frameworks */ = {
			isa = PBXFrameworksBuildPhase;
			buildActionMask = 2147483647;
			files = (
			);
			runOnlyForDeploymentPostprocessing = 0;
		};
/* End PBXFrameworksBuildPhase section */

/* Begin PBXGroup section */
		81EFC3461DE4390E00FDEE8F = {
			isa = PBXGroup;
			children = (
				81EFC3511DE4390E00FDEE8F /* fancyButton */,
				81EFC36B1DE4390F00FDEE8F /* fancyButtonTests */,
				81EFC3761DE4390F00FDEE8F /* fancyButtonUITests */,
				81EFC3501DE4390E00FDEE8F /* Products */,
			);
			sourceTree = "<group>";
		};
		81EFC3501DE4390E00FDEE8F /* Products */ = {
			isa = PBXGroup;
			children = (
				81EFC34F1DE4390E00FDEE8F /* fancyButton.app */,
				81EFC3681DE4390F00FDEE8F /* fancyButtonTests.xctest */,
				81EFC3731DE4390F00FDEE8F /* fancyButtonUITests.xctest */,
			);
			name = Products;
			sourceTree = "<group>";
		};
		81EFC3511DE4390E00FDEE8F /* fancyButton */ = {
			isa = PBXGroup;
			children = (
				81EFC3551DE4390E00FDEE8F /* AppDelegate.h */,
				81EFC3561DE4390E00FDEE8F /* AppDelegate.m */,
				81EFC3581DE4390E00FDEE8F /* ViewController.h */,
				81EFC3591DE4390E00FDEE8F /* ViewController.m */,
				81EFC3851DE4393300FDEE8F /* CustomButton.h */,
				81EFC3861DE4393300FDEE8F /* CustomButton.m */,
				81EFC3871DE4393300FDEE8F /* Masonry */,
				81EFC35B1DE4390E00FDEE8F /* Main.storyboard */,
				81EFC35E1DE4390E00FDEE8F /* Assets.xcassets */,
				81EFC3601DE4390E00FDEE8F /* LaunchScreen.storyboard */,
				81EFC3631DE4390E00FDEE8F /* Info.plist */,
				81EFC3521DE4390E00FDEE8F /* Supporting Files */,
			);
			path = fancyButton;
			sourceTree = "<group>";
		};
		81EFC3521DE4390E00FDEE8F /* Supporting Files */ = {
			isa = PBXGroup;
			children = (
				81EFC3531DE4390E00FDEE8F /* main.m */,
			);
			name = "Supporting Files";
			sourceTree = "<group>";
		};
		81EFC36B1DE4390F00FDEE8F /* fancyButtonTests */ = {
			isa = PBXGroup;
			children = (
				81EFC36C1DE4390F00FDEE8F /* fancyButtonTests.m */,
				81EFC36E1DE4390F00FDEE8F /* Info.plist */,
			);
			path = fancyButtonTests;
			sourceTree = "<group>";
		};
		81EFC3761DE4390F00FDEE8F /* fancyButtonUITests */ = {
			isa = PBXGroup;
			children = (
				81EFC3771DE4390F00FDEE8F /* fancyButtonUITests.m */,
				81EFC3791DE4390F00FDEE8F /* Info.plist */,
			);
			path = fancyButtonUITests;
			sourceTree = "<group>";
		};
		81EFC3871DE4393300FDEE8F /* Masonry */ = {
			isa = PBXGroup;
			children = (
				81EFC3881DE4393300FDEE8F /* MASCompositeConstraint.h */,
				81EFC3891DE4393300FDEE8F /* MASCompositeConstraint.m */,
				81EFC38A1DE4393300FDEE8F /* MASConstraint+Private.h */,
				81EFC38B1DE4393300FDEE8F /* MASConstraint.h */,
				81EFC38C1DE4393300FDEE8F /* MASConstraint.m */,
				81EFC38D1DE4393300FDEE8F /* MASConstraintMaker.h */,
				81EFC38E1DE4393300FDEE8F /* MASConstraintMaker.m */,
				81EFC38F1DE4393300FDEE8F /* MASLayoutConstraint.h */,
				81EFC3901DE4393300FDEE8F /* MASLayoutConstraint.m */,
				81EFC3911DE4393400FDEE8F /* Masonry.h */,
				81EFC3921DE4393400FDEE8F /* MASUtilities.h */,
				81EFC3931DE4393400FDEE8F /* MASViewAttribute.h */,
				81EFC3941DE4393400FDEE8F /* MASViewAttribute.m */,
				81EFC3951DE4393400FDEE8F /* MASViewConstraint.h */,
				81EFC3961DE4393400FDEE8F /* MASViewConstraint.m */,
				81EFC3971DE4393400FDEE8F /* NSArray+MASAdditions.h */,
				81EFC3981DE4393400FDEE8F /* NSArray+MASAdditions.m */,
				81EFC3991DE4393400FDEE8F /* NSArray+MASShorthandAdditions.h */,
				81EFC39A1DE4393400FDEE8F /* NSLayoutConstraint+MASDebugAdditions.h */,
				81EFC39B1DE4393400FDEE8F /* NSLayoutConstraint+MASDebugAdditions.m */,
				81EFC39C1DE4393400FDEE8F /* View+MASAdditions.h */,
				81EFC39D1DE4393400FDEE8F /* View+MASAdditions.m */,
				81EFC39E1DE4393400FDEE8F /* View+MASShorthandAdditions.h */,
			);
			path = Masonry;
			sourceTree = "<group>";
		};
/* End PBXGroup section */

/* Begin PBXNativeTarget section */
		81EFC34E1DE4390E00FDEE8F /* fancyButton */ = {
			isa = PBXNativeTarget;
			buildConfigurationList = 81EFC37C1DE4390F00FDEE8F /* Build configuration list for PBXNativeTarget "fancyButton" */;
			buildPhases = (
				81EFC34B1DE4390E00FDEE8F /* Sources */,
				81EFC34C1DE4390E00FDEE8F /* Frameworks */,
				81EFC34D1DE4390E00FDEE8F /* Resources */,
			);
			buildRules = (
			);
			dependencies = (
			);
			name = fancyButton;
			productName = fancyButton;
			productReference = 81EFC34F1DE4390E00FDEE8F /* fancyButton.app */;
			productType = "com.apple.product-type.application";
		};
		81EFC3671DE4390F00FDEE8F /* fancyButtonTests */ = {
			isa = PBXNativeTarget;
			buildConfigurationList = 81EFC37F1DE4390F00FDEE8F /* Build configuration list for PBXNativeTarget "fancyButtonTests" */;
			buildPhases = (
				81EFC3641DE4390F00FDEE8F /* Sources */,
				81EFC3651DE4390F00FDEE8F /* Frameworks */,
				81EFC3661DE4390F00FDEE8F /* Resources */,
			);
			buildRules = (
			);
			dependencies = (
				81EFC36A1DE4390F00FDEE8F /* PBXTargetDependency */,
			);
			name = fancyButtonTests;
			productName = fancyButtonTests;
			productReference = 81EFC3681DE4390F00FDEE8F /* fancyButtonTests.xctest */;
			productType = "com.apple.product-type.bundle.unit-test";
		};
		81EFC3721DE4390F00FDEE8F /* fancyButtonUITests */ = {
			isa = PBXNativeTarget;
			buildConfigurationList = 81EFC3821DE4390F00FDEE8F /* Build configuration list for PBXNativeTarget "fancyButtonUITests" */;
			buildPhases = (
				81EFC36F1DE4390F00FDEE8F /* Sources */,
				81EFC3701DE4390F00FDEE8F /* Frameworks */,
				81EFC3711DE4390F00FDEE8F /* Resources */,
			);
			buildRules = (
			);
			dependencies = (
				81EFC3751DE4390F00FDEE8F /* PBXTargetDependency */,
			);
			name = fancyButtonUITests;
			productName = fancyButtonUITests;
			productReference = 81EFC3731DE4390F00FDEE8F /* fancyButtonUITests.xctest */;
			productType = "com.apple.product-type.bundle.ui-testing";
		};
/* End PBXNativeTarget section */

/* Begin PBXProject section */
		81EFC3471DE4390E00FDEE8F /* Project object */ = {
			isa = PBXProject;
			attributes = {
				LastUpgradeCheck = 0810;
				ORGANIZATIONNAME = 521Travel.com;
				TargetAttributes = {
					81EFC34E1DE4390E00FDEE8F = {
						CreatedOnToolsVersion = 8.1;
						DevelopmentTeam = K9UVDYE39X;
						ProvisioningStyle = Automatic;
					};
					81EFC3671DE4390F00FDEE8F = {
						CreatedOnToolsVersion = 8.1;
						DevelopmentTeam = K9UVDYE39X;
						ProvisioningStyle = Automatic;
						TestTargetID = 81EFC34E1DE4390E00FDEE8F;
					};
					81EFC3721DE4390F00FDEE8F = {
						CreatedOnToolsVersion = 8.1;
						DevelopmentTeam = K9UVDYE39X;
						ProvisioningStyle = Automatic;
						TestTargetID = 81EFC34E1DE4390E00FDEE8F;
					};
				};
			};
			buildConfigurationList = 81EFC34A1DE4390E00FDEE8F /* Build configuration list for PBXProject "fancyButton" */;
			compatibilityVersion = "Xcode 3.2";
			developmentRegion = English;
			hasScannedForEncodings = 0;
			knownRegions = (
				en,
				Base,
			);
			mainGroup = 81EFC3461DE4390E00FDEE8F;
			productRefGroup = 81EFC3501DE4390E00FDEE8F /* Products */;
			projectDirPath = "";
			projectRoot = "";
			targets = (
				81EFC34E1DE4390E00FDEE8F /* fancyButton */,
				81EFC3671DE4390F00FDEE8F /* fancyButtonTests */,
				81EFC3721DE4390F00FDEE8F /* fancyButtonUITests */,
			);
		};
/* End PBXProject section */

/* Begin PBXResourcesBuildPhase section */
		81EFC34D1DE4390E00FDEE8F /* Resources */ = {
			isa = PBXResourcesBuildPhase;
			buildActionMask = 2147483647;
			files = (
				81EFC3621DE4390E00FDEE8F /* LaunchScreen.storyboard in Resources */,
				81EFC35F1DE4390E00FDEE8F /* Assets.xcassets in Resources */,
				81EFC35D1DE4390E00FDEE8F /* Main.storyboard in Resources */,
			);
			runOnlyForDeploymentPostprocessing = 0;
		};
		81EFC3661DE4390F00FDEE8F /* Resources */ = {
			isa = PBXResourcesBuildPhase;
			buildActionMask = 2147483647;
			files = (
			);
			runOnlyForDeploymentPostprocessing = 0;
		};
		81EFC3711DE4390F00FDEE8F /* Resources */ = {
			isa = PBXResourcesBuildPhase;
			buildActionMask = 2147483647;
			files = (
			);
			runOnlyForDeploymentPostprocessing = 0;
		};
/* End PBXResourcesBuildPhase section */

/* Begin PBXSourcesBuildPhase section */
		81EFC34B1DE4390E00FDEE8F /* Sources */ = {
			isa = PBXSourcesBuildPhase;
			buildActionMask = 2147483647;
			files = (
				81EFC3A21DE4393400FDEE8F /* MASConstraintMaker.m in Sources */,
				81EFC39F1DE4393400FDEE8F /* CustomButton.m in Sources */,
				81EFC35A1DE4390E00FDEE8F /* ViewController.m in Sources */,
				81EFC3A11DE4393400FDEE8F /* MASConstraint.m in Sources */,
				81EFC3A31DE4393400FDEE8F /* MASLayoutConstraint.m in Sources */,
				81EFC3A61DE4393400FDEE8F /* NSArray+MASAdditions.m in Sources */,
				81EFC3A51DE4393400FDEE8F /* MASViewConstraint.m in Sources */,
				81EFC3A41DE4393400FDEE8F /* MASViewAttribute.m in Sources */,
				81EFC3A81DE4393400FDEE8F /* View+MASAdditions.m in Sources */,
				81EFC3571DE4390E00FDEE8F /* AppDelegate.m in Sources */,
				81EFC3541DE4390E00FDEE8F /* main.m in Sources */,
				81EFC3A01DE4393400FDEE8F /* MASCompositeConstraint.m in Sources */,
				81EFC3A71DE4393400FDEE8F /* NSLayoutConstraint+MASDebugAdditions.m in Sources */,
			);
			runOnlyForDeploymentPostprocessing = 0;
		};
		81EFC3641DE4390F00FDEE8F /* Sources */ = {
			isa = PBXSourcesBuildPhase;
			buildActionMask = 2147483647;
			files = (
				81EFC36D1DE4390F00FDEE8F /* fancyButtonTests.m in Sources */,
			);
			runOnlyForDeploymentPostprocessing = 0;
		};
		81EFC36F1DE4390F00FDEE8F /* Sources */ = {
			isa = PBXSourcesBuildPhase;
			buildActionMask = 2147483647;
			files = (
				81EFC3781DE4390F00FDEE8F /* fancyButtonUITests.m in Sources */,
			);
			runOnlyForDeploymentPostprocessing = 0;
		};
/* End PBXSourcesBuildPhase section */

/* Begin PBXTargetDependency section */
		81EFC36A1DE4390F00FDEE8F /* PBXTargetDependency */ = {
			isa = PBXTargetDependency;
			target = 81EFC34E1DE4390E00FDEE8F /* fancyButton */;
			targetProxy = 81EFC3691DE4390F00FDEE8F /* PBXContainerItemProxy */;
		};
		81EFC3751DE4390F00FDEE8F /* PBXTargetDependency */ = {
			isa = PBXTargetDependency;
			target = 81EFC34E1DE4390E00FDEE8F /* fancyButton */;
			targetProxy = 81EFC3741DE4390F00FDEE8F /* PBXContainerItemProxy */;
		};
/* End PBXTargetDependency section */

/* Begin PBXVariantGroup section */
		81EFC35B1DE4390E00FDEE8F /* Main.storyboard */ = {
			isa = PBXVariantGroup;
			children = (
				81EFC35C1DE4390E00FDEE8F /* Base */,
			);
			name = Main.storyboard;
			sourceTree = "<group>";
		};
		81EFC3601DE4390E00FDEE8F /* LaunchScreen.storyboard */ = {
			isa = PBXVariantGroup;
			children = (
				81EFC3611DE4390E00FDEE8F /* Base */,
			);
			name = LaunchScreen.storyboard;
			sourceTree = "<group>";
		};
/* End PBXVariantGroup section */

/* Begin XCBuildConfiguration section */
		81EFC37A1DE4390F00FDEE8F /* Debug */ = {
			isa = XCBuildConfiguration;
			buildSettings = {
				ALWAYS_SEARCH_USER_PATHS = NO;
				CLANG_ANALYZER_NONNULL = YES;
				CLANG_CXX_LANGUAGE_STANDARD = "gnu++0x";
				CLANG_CXX_LIBRARY = "libc++";
				CLANG_ENABLE_MODULES = YES;
				CLANG_ENABLE_OBJC_ARC = YES;
				CLANG_WARN_BOOL_CONVERSION = YES;
				CLANG_WARN_CONSTANT_CONVERSION = YES;
				CLANG_WARN_DIRECT_OBJC_ISA_USAGE = YES_ERROR;
				CLANG_WARN_DOCUMENTATION_COMMENTS = YES;
				CLANG_WARN_EMPTY_BODY = YES;
				CLANG_WARN_ENUM_CONVERSION = YES;
				CLANG_WARN_INFINITE_RECURSION = YES;
				CLANG_WARN_INT_CONVERSION = YES;
				CLANG_WARN_OBJC_ROOT_CLASS = YES_ERROR;
				CLANG_WARN_SUSPICIOUS_MOVES = YES;
				CLANG_WARN_UNREACHABLE_CODE = YES;
				CLANG_WARN__DUPLICATE_METHOD_MATCH = YES;
				"CODE_SIGN_IDENTITY[sdk=iphoneos*]" = "iPhone Developer";
				COPY_PHASE_STRIP = NO;
				DEBUG_INFORMATION_FORMAT = dwarf;
				ENABLE_STRICT_OBJC_MSGSEND = YES;
				ENABLE_TESTABILITY = YES;
				GCC_C_LANGUAGE_STANDARD = gnu99;
				GCC_DYNAMIC_NO_PIC = NO;
				GCC_NO_COMMON_BLOCKS = YES;
				GCC_OPTIMIZATION_LEVEL = 0;
				GCC_PREPROCESSOR_DEFINITIONS = (
					"DEBUG=1",
					"$(inherited)",
				);
				GCC_WARN_64_TO_32_BIT_CONVERSION = YES;
				GCC_WARN_ABOUT_RETURN_TYPE = YES_ERROR;
				GCC_WARN_UNDECLARED_SELECTOR = YES;
				GCC_WARN_UNINITIALIZED_AUTOS = YES_AGGRESSIVE;
				GCC_WARN_UNUSED_FUNCTION = YES;
				GCC_WARN_UNUSED_VARIABLE = YES;
				IPHONEOS_DEPLOYMENT_TARGET = 10.1;
				MTL_ENABLE_DEBUG_INFO = YES;
				ONLY_ACTIVE_ARCH = YES;
				SDKROOT = iphoneos;
			};
			name = Debug;
		};
		81EFC37B1DE4390F00FDEE8F /* Release */ = {
			isa = XCBuildConfiguration;
			buildSettings = {
				ALWAYS_SEARCH_USER_PATHS = NO;
				CLANG_ANALYZER_NONNULL = YES;
				CLANG_CXX_LANGUAGE_STANDARD = "gnu++0x";
				CLANG_CXX_LIBRARY = "libc++";
				CLANG_ENABLE_MODULES = YES;
				CLANG_ENABLE_OBJC_ARC = YES;
				CLANG_WARN_BOOL_CONVERSION = YES;
				CLANG_WARN_CONSTANT_CONVERSION = YES;
				CLANG_WARN_DIRECT_OBJC_ISA_USAGE = YES_ERROR;
				CLANG_WARN_DOCUMENTATION_COMMENTS = YES;
				CLANG_WARN_EMPTY_BODY = YES;
				CLANG_WARN_ENUM_CONVERSION = YES;
				CLANG_WARN_INFINITE_RECURSION = YES;
				CLANG_WARN_INT_CONVERSION = YES;
				CLANG_WARN_OBJC_ROOT_CLASS = YES_ERROR;
				CLANG_WARN_SUSPICIOUS_MOVES = YES;
				CLANG_WARN_UNREACHABLE_CODE = YES;
				CLANG_WARN__DUPLICATE_METHOD_MATCH = YES;
				"CODE_SIGN_IDENTITY[sdk=iphoneos*]" = "iPhone Developer";
				COPY_PHASE_STRIP = NO;
				DEBUG_INFORMATION_FORMAT = "dwarf-with-dsym";
				ENABLE_NS_ASSERTIONS = NO;
				ENABLE_STRICT_OBJC_MSGSEND = YES;
				GCC_C_LANGUAGE_STANDARD = gnu99;
				GCC_NO_COMMON_BLOCKS = YES;
				GCC_WARN_64_TO_32_BIT_CONVERSION = YES;
				GCC_WARN_ABOUT_RETURN_TYPE = YES_ERROR;
				GCC_WARN_UNDECLARED_SELECTOR = YES;
				GCC_WARN_UNINITIALIZED_AUTOS = YES_AGGRESSIVE;
				GCC_WARN_UNUSED_FUNCTION = YES;
				GCC_WARN_UNUSED_VARIABLE = YES;
				IPHONEOS_DEPLOYMENT_TARGET = 10.1;
				MTL_ENABLE_DEBUG_INFO = NO;
				SDKROOT = iphoneos;
				VALIDATE_PRODUCT = YES;
			};
			name = Release;
		};
		81EFC37D1DE4390F00FDEE8F /* Debug */ = {
			isa = XCBuildConfiguration;
			buildSettings = {
				ASSETCATALOG_COMPILER_APPICON_NAME = AppIcon;
				DEVELOPMENT_TEAM = K9UVDYE39X;
				INFOPLIST_FILE = fancyButton/Info.plist;
				LD_RUNPATH_SEARCH_PATHS = "$(inherited) @executable_path/Frameworks";
				PRODUCT_BUNDLE_IDENTIFIER = Panda.fancyButton;
				PRODUCT_NAME = "$(TARGET_NAME)";
			};
			name = Debug;
		};
		81EFC37E1DE4390F00FDEE8F /* Release */ = {
			isa = XCBuildConfiguration;
			buildSettings = {
				ASSETCATALOG_COMPILER_APPICON_NAME = AppIcon;
				DEVELOPMENT_TEAM = K9UVDYE39X;
				INFOPLIST_FILE = fancyButton/Info.plist;
				LD_RUNPATH_SEARCH_PATHS = "$(inherited) @executable_path/Frameworks";
				PRODUCT_BUNDLE_IDENTIFIER = Panda.fancyButton;
				PRODUCT_NAME = "$(TARGET_NAME)";
			};
			name = Release;
		};
		81EFC3801DE4390F00FDEE8F /* Debug */ = {
			isa = XCBuildConfiguration;
			buildSettings = {
				BUNDLE_LOADER = "$(TEST_HOST)";
				DEVELOPMENT_TEAM = K9UVDYE39X;
				INFOPLIST_FILE = fancyButtonTests/Info.plist;
				LD_RUNPATH_SEARCH_PATHS = "$(inherited) @executable_path/Frameworks @loader_path/Frameworks";
				PRODUCT_BUNDLE_IDENTIFIER = Panda.fancyButtonTests;
				PRODUCT_NAME = "$(TARGET_NAME)";
				TEST_HOST = "$(BUILT_PRODUCTS_DIR)/fancyButton.app/fancyButton";
			};
			name = Debug;
		};
		81EFC3811DE4390F00FDEE8F /* Release */ = {
			isa = XCBuildConfiguration;
			buildSettings = {
				BUNDLE_LOADER = "$(TEST_HOST)";
				DEVELOPMENT_TEAM = K9UVDYE39X;
				INFOPLIST_FILE = fancyButtonTests/Info.plist;
				LD_RUNPATH_SEARCH_PATHS = "$(inherited) @executable_path/Frameworks @loader_path/Frameworks";
				PRODUCT_BUNDLE_IDENTIFIER = Panda.fancyButtonTests;
				PRODUCT_NAME = "$(TARGET_NAME)";
				TEST_HOST = "$(BUILT_PRODUCTS_DIR)/fancyButton.app/fancyButton";
			};
			name = Release;
		};
		81EFC3831DE4390F00FDEE8F /* Debug */ = {
			isa = XCBuildConfiguration;
			buildSettings = {
				DEVELOPMENT_TEAM = K9UVDYE39X;
				INFOPLIST_FILE = fancyButtonUITests/Info.plist;
				LD_RUNPATH_SEARCH_PATHS = "$(inherited) @executable_path/Frameworks @loader_path/Frameworks";
				PRODUCT_BUNDLE_IDENTIFIER = Panda.fancyButtonUITests;
				PRODUCT_NAME = "$(TARGET_NAME)";
				TEST_TARGET_NAME = fancyButton;
			};
			name = Debug;
		};
		81EFC3841DE4390F00FDEE8F /* Release */ = {
			isa = XCBuildConfiguration;
			buildSettings = {
				DEVELOPMENT_TEAM = K9UVDYE39X;
				INFOPLIST_FILE = fancyButtonUITests/Info.plist;
				LD_RUNPATH_SEARCH_PATHS = "$(inherited) @executable_path/Frameworks @loader_path/Frameworks";
				PRODUCT_BUNDLE_IDENTIFIER = Panda.fancyButtonUITests;
				PRODUCT_NAME = "$(TARGET_NAME)";
				TEST_TARGET_NAME = fancyButton;
			};
			name = Release;
		};
/* End XCBuildConfiguration section */

/* Begin XCConfigurationList section */
		81EFC34A1DE4390E00FDEE8F /* Build configuration list for PBXProject "fancyButton" */ = {
			isa = XCConfigurationList;
			buildConfigurations = (
				81EFC37A1DE4390F00FDEE8F /* Debug */,
				81EFC37B1DE4390F00FDEE8F /* Release */,
			);
			defaultConfigurationIsVisible = 0;
			defaultConfigurationName = Release;
		};
		81EFC37C1DE4390F00FDEE8F /* Build configuration list for PBXNativeTarget "fancyButton" */ = {
			isa = XCConfigurationList;
			buildConfigurations = (
				81EFC37D1DE4390F00FDEE8F /* Debug */,
				81EFC37E1DE4390F00FDEE8F /* Release */,
			);
			defaultConfigurationIsVisible = 0;
		};
		81EFC37F1DE4390F00FDEE8F /* Build configuration list for PBXNativeTarget "fancyButtonTests" */ = {
			isa = XCConfigurationList;
			buildConfigurations = (
				81EFC3801DE4390F00FDEE8F /* Debug */,
				81EFC3811DE4390F00FDEE8F /* Release */,
			);
			defaultConfigurationIsVisible = 0;
		};
		81EFC3821DE4390F00FDEE8F /* Build configuration list for PBXNativeTarget "fancyButtonUITests" */ = {
			isa = XCConfigurationList;
			buildConfigurations = (
				81EFC3831DE4390F00FDEE8F /* Debug */,
				81EFC3841DE4390F00FDEE8F /* Release */,
			);
			defaultConfigurationIsVisible = 0;
		};
/* End XCConfigurationList section */
	};
	rootObject = 81EFC3471DE4390E00FDEE8F /* Project object */;
}
